
Microsoft Visual Studio Solution File, Format Version 12.00
# Visual Studio Version 17
VisualStudioVersion = 17.6.33815.320
MinimumVisualStudioVersion = 10.0.40219.1
Project("{2150E333-8FDC-42A3-9474-1A3956D46DE8}") = "src", "src", "{64E7E5C3-B911-4207-A303-F7A90BF31312}"
EndProject
Project("{2150E333-8FDC-42A3-9474-1A3956D46DE8}") = "tests", "tests", "{C4B0716E-0C0B-4B01-B263-A2DE5AFD63B5}"
EndProject
Project("{9A19103F-16F7-4668-BE54-9A1E7A4F7556}") = "Auctions.API", "src\Auctions.API\Auctions.API.csproj", "{B4A14D19-3D6B-4644-ADA3-632923906283}"
EndProject
Project("{FAE04EC0-301F-11D3-BF4B-00C04F79EFBC}") = "UseCases.Test", "tests\UseCases.Test\UseCases.Test.csproj", "{4AC81668-346C-4020-A001-34D96A1A92DB}"
EndProject
Global
	GlobalSection(SolutionConfigurationPlatforms) = preSolution
		Debug|Any CPU = Debug|Any CPU
		Release|Any CPU = Release|Any CPU
	EndGlobalSection
	GlobalSection(ProjectConfigurationPlatforms) = postSolution
		{B4A14D19-3D6B-4644-ADA3-632923906283}.Debug|Any CPU.ActiveCfg = Debug|Any CPU
		{B4A14D19-3D6B-4644-ADA3-632923906283}.Debug|Any CPU.Build.0 = Debug|Any CPU
		{B4A14D19-3D6B-4644-ADA3-632923906283}.Release|Any CPU.ActiveCfg = Release|Any CPU
		{B4A14D19-3D6B-4644-ADA3-632923906283}.Release|Any CPU.Build.0 = Release|Any CPU
		{4AC81668-346C-4020-A001-34D96A1A92DB}.Debug|Any CPU.ActiveCfg = Debug|Any CPU
		{4AC81668-346C-4020-A001-34D96A1A92DB}.Debug|Any CPU.Build.0 = Debug|Any CPU
		{4AC81668-346C-4020-A001-34D96A1A92DB}.Release|Any CPU.ActiveCfg = Release|Any CPU
		{4AC81668-346C-4020-A001-34D96A1A92DB}.Release|Any CPU.Build.0 = Release|Any CPU
	EndGlobalSection
	GlobalSection(SolutionProperties) = preSolution
		HideSolutionNode = FALSE
	EndGlobalSection
	GlobalSection(NestedProjects) = preSolution
		{B4A14D19-3D6B-4644-ADA3-632923906283} = {64E7E5C3-B911-4207-A303-F7A90BF31312}
		{4AC81668-346C-4020-A001-34D96A1A92DB} = {C4B0716E-0C0B-4B01-B263-A2DE5AFD63B5}
	EndGlobalSection
	GlobalSection(ExtensibilityGlobals) = postSolution
		SolutionGuid = {C3DCF0EF-6333-4B72-BA68-1A72A71BB98B}
	EndGlobalSection
EndGlobal
